
Microsoft Visual Studio Solution File, Format Version 12.00
# Visual Studio 2013
VisualStudioVersion = 12.0.21005.1
MinimumVisualStudioVersion = 10.0.40219.1
Project("{2150E333-8FDC-42A3-9474-1A3956D46DE8}") = "base64", "base64", "{3BF4D88B-72C6-40D2-8CB0-2749F2FC0574}"
EndProject
Project("{2150E333-8FDC-42A3-9474-1A3956D46DE8}") = "vendor", "vendor", "{6837E9FA-0ADF-4641-875E-28E44040526E}"
EndProject
Project("{8BC9CEB8-8B4A-11D0-8D11-00A0C91BC942}") = "UnitTest++", "UnitTest++\UnitTest++.vcxproj", "{64A4FEFE-0461-4E95-8CC1-91EF5F57DBC6}"
EndProject
Project("{8BC9CEB8-8B4A-11D0-8D11-00A0C91BC942}") = "TestUnitTest++", "UnitTest++\TestUnitTest++.vcxproj", "{9CCC3439-309E-4E85-B3B8-CE704D385D48}"
EndProject
Project("{8BC9CEB8-8B4A-11D0-8D11-00A0C91BC942}") = "TestBase64", "TestBase64\TestBase64.vcxproj", "{F43EE355-B388-45A1-8BDE-A3012D822A12}"
	ProjectSection(ProjectDependencies) = postProject
		{3822CCC7-C5CA-488A-8D44-BADD2F4C7246} = {3822CCC7-C5CA-488A-8D44-BADD2F4C7246}
	EndProjectSection
EndProject
Project("{8BC9CEB8-8B4A-11D0-8D11-00A0C91BC942}") = "base64", "base64\base64.vcxproj", "{3822CCC7-C5CA-488A-8D44-BADD2F4C7246}"
EndProject
Global
	GlobalSection(SolutionConfigurationPlatforms) = preSolution
		Debug|Win32 = Debug|Win32
		Release|Win32 = Release|Win32
	EndGlobalSection
	GlobalSection(ProjectConfigurationPlatforms) = postSolution
		{64A4FEFE-0461-4E95-8CC1-91EF5F57DBC6}.Debug|Win32.ActiveCfg = Debug|Win32
		{64A4FEFE-0461-4E95-8CC1-91EF5F57DBC6}.Debug|Win32.Build.0 = Debug|Win32
		{64A4FEFE-0461-4E95-8CC1-91EF5F57DBC6}.Release|Win32.ActiveCfg = Release|Win32
		{64A4FEFE-0461-4E95-8CC1-91EF5F57DBC6}.Release|Win32.Build.0 = Release|Win32
		{9CCC3439-309E-4E85-B3B8-CE704D385D48}.Debug|Win32.ActiveCfg = Debug|Win32
		{9CCC3439-309E-4E85-B3B8-CE704D385D48}.Debug|Win32.Build.0 = Debug|Win32
		{9CCC3439-309E-4E85-B3B8-CE704D385D48}.Release|Win32.ActiveCfg = Release|Win32
		{9CCC3439-309E-4E85-B3B8-CE704D385D48}.Release|Win32.Build.0 = Release|Win32
		{F43EE355-B388-45A1-8BDE-A3012D822A12}.Debug|Win32.ActiveCfg = Debug|Win32
		{F43EE355-B388-45A1-8BDE-A3012D822A12}.Debug|Win32.Build.0 = Debug|Win32
		{F43EE355-B388-45A1-8BDE-A3012D822A12}.Release|Win32.ActiveCfg = Release|Win32
		{F43EE355-B388-45A1-8BDE-A3012D822A12}.Release|Win32.Build.0 = Release|Win32
		{3822CCC7-C5CA-488A-8D44-BADD2F4C7246}.Debug|Win32.ActiveCfg = Debug|Win32
		{3822CCC7-C5CA-488A-8D44-BADD2F4C7246}.Debug|Win32.Build.0 = Debug|Win32
		{3822CCC7-C5CA-488A-8D44-BADD2F4C7246}.Release|Win32.ActiveCfg = Release|Win32
		{3822CCC7-C5CA-488A-8D44-BADD2F4C7246}.Release|Win32.Build.0 = Release|Win32
	EndGlobalSection
	GlobalSection(SolutionProperties) = preSolution
		HideSolutionNode = FALSE
	EndGlobalSection
	GlobalSection(NestedProjects) = preSolution
		{F43EE355-B388-45A1-8BDE-A3012D822A12} = {3BF4D88B-72C6-40D2-8CB0-2749F2FC0574}
		{3822CCC7-C5CA-488A-8D44-BADD2F4C7246} = {3BF4D88B-72C6-40D2-8CB0-2749F2FC0574}
		{64A4FEFE-0461-4E95-8CC1-91EF5F57DBC6} = {6837E9FA-0ADF-4641-875E-28E44040526E}
		{9CCC3439-309E-4E85-B3B8-CE704D385D48} = {6837E9FA-0ADF-4641-875E-28E44040526E}
	EndGlobalSection
EndGlobal
